
Microsoft Visual Studio Solution File, Format Version 12.00
# Visual Studio Version 16
VisualStudioVersion = 16.0.29613.14
MinimumVisualStudioVersion = 10.0.40219.1
Project("{9A19103F-16F7-4668-BE54-9A1E7A4F7556}") = "Neumont Ticketing System", "Neumont Ticketing System\Neumont Ticketing System.csproj", "{8FAE6208-C14F-40F9-B2D9-1D317821C959}"
EndProject
Project("{2150E333-8FDC-42A3-9474-1A3956D46DE8}") = "prep_scripts", "prep_scripts", "{097FD702-D679-4105-B111-A9C0CC826FA1}"
	ProjectSection(SolutionItems) = preProject
		dev_prepmongo.js = dev_prepmongo.js
		dev_prepmongo.sh = dev_prepmongo.sh
	EndProjectSection
EndProject
Global
	GlobalSection(SolutionConfigurationPlatforms) = preSolution
		Debug|Any CPU = Debug|Any CPU
		Release|Any CPU = Release|Any CPU
	EndGlobalSection
	GlobalSection(ProjectConfigurationPlatforms) = postSolution
		{8FAE6208-C14F-40F9-B2D9-1D317821C959}.Debug|Any CPU.ActiveCfg = Debug|Any CPU
		{8FAE6208-C14F-40F9-B2D9-1D317821C959}.Debug|Any CPU.Build.0 = Debug|Any CPU
		{8FAE6208-C14F-40F9-B2D9-1D317821C959}.Release|Any CPU.ActiveCfg = Release|Any CPU
		{8FAE6208-C14F-40F9-B2D9-1D317821C959}.Release|Any CPU.Build.0 = Release|Any CPU
	EndGlobalSection
	GlobalSection(SolutionProperties) = preSolution
		HideSolutionNode = FALSE
	EndGlobalSection
	GlobalSection(ExtensibilityGlobals) = postSolution
		SolutionGuid = {7808525F-5C17-4B98-B8E4-EB445EDE4DC5}
	EndGlobalSection
EndGlobal
